
Microsoft Visual Studio Solution File, Format Version 12.00
# Visual Studio Version 17
VisualStudioVersion = 17.7.34024.191
MinimumVisualStudioVersion = 10.0.40219.1
Project("{8BC9CEB8-8B4A-11D0-8D11-00A0C91BC942}") = "QtApplicationStation", "QtApplicationStation\QtApplicationStation.vcxproj", "{7A3FB4A6-1AA8-49A2-B36B-D54C73D2F3C7}"
EndProject
Global
	GlobalSection(SolutionConfigurationPlatforms) = preSolution
		Debug|x64 = Debug|x64
		Release|x64 = Release|x64
	EndGlobalSection
	GlobalSection(ProjectConfigurationPlatforms) = postSolution
		{7A3FB4A6-1AA8-49A2-B36B-D54C73D2F3C7}.Debug|x64.ActiveCfg = Debug|x64
		{7A3FB4A6-1AA8-49A2-B36B-D54C73D2F3C7}.Debug|x64.Build.0 = Debug|x64
		{7A3FB4A6-1AA8-49A2-B36B-D54C73D2F3C7}.Release|x64.ActiveCfg = Release|x64
		{7A3FB4A6-1AA8-49A2-B36B-D54C73D2F3C7}.Release|x64.Build.0 = Release|x64
	EndGlobalSection
	GlobalSection(SolutionProperties) = preSolution
		HideSolutionNode = FALSE
	EndGlobalSection
	GlobalSection(ExtensibilityGlobals) = postSolution
		SolutionGuid = {3F8FCA3B-2DF5-42DF-A050-27F6C7A430E0}
	EndGlobalSection
EndGlobal
